# THIS IS AN AUTOGENERATED FILE. DO NOT EDIT THIS FILE DIRECTLY.
# yarn lockfile v1


cli-prompt@^0.4.1:
  version "0.4.3"
  resolved "https://registry.yarnpkg.com/cli-prompt/-/cli-prompt-0.4.3.tgz#f54827ac24b2830755bc327f733d7c573917b0ef"
  integrity sha1-9UgnrCSygwdVvDJ/cz18VzkXsO8=
  dependencies:
    keypress "~0.2.1"

keypress@~0.2.1:
  version "0.2.1"
  resolved "https://registry.yarnpkg.com/keypress/-/keypress-0.2.1.tgz#1e80454250018dbad4c3fe94497d6e67b6269c77"
  integrity sha1-HoBFQlABjbrUw/6USX1uZ7YmnHc=
